
Microsoft Visual Studio Solution File, Format Version 12.00
# Visual Studio Version 16
VisualStudioVersion = 16.0.33214.272
MinimumVisualStudioVersion = 10.0.40219.1
Project("{9A19103F-16F7-4668-BE54-9A1E7A4F7556}") = "POC thing", "POC thing\POC thing.csproj", "{DC8FE07C-C29C-4294-8A5F-159CF6E1F58F}"
EndProject
Project("{FAE04EC0-301F-11D3-BF4B-00C04F79EFBC}") = "LimitationPOC", "LimitationPOC\LimitationPOC.csproj", "{542D7CC1-081C-43D6-B5D4-291F3C373C76}"
EndProject
Project("{FAE04EC0-301F-11D3-BF4B-00C04F79EFBC}") = "other", "other\other.csproj", "{F30D6FFB-9D9E-4717-BDBC-897A00CC3FDD}"
EndProject
Global
	GlobalSection(SolutionConfigurationPlatforms) = preSolution
		Debug|Any CPU = Debug|Any CPU
		Release|Any CPU = Release|Any CPU
	EndGlobalSection
	GlobalSection(ProjectConfigurationPlatforms) = postSolution
		{DC8FE07C-C29C-4294-8A5F-159CF6E1F58F}.Debug|Any CPU.ActiveCfg = Debug|Any CPU
		{DC8FE07C-C29C-4294-8A5F-159CF6E1F58F}.Debug|Any CPU.Build.0 = Debug|Any CPU
		{DC8FE07C-C29C-4294-8A5F-159CF6E1F58F}.Release|Any CPU.ActiveCfg = Release|Any CPU
		{DC8FE07C-C29C-4294-8A5F-159CF6E1F58F}.Release|Any CPU.Build.0 = Release|Any CPU
		{542D7CC1-081C-43D6-B5D4-291F3C373C76}.Debug|Any CPU.ActiveCfg = Debug|Any CPU
		{542D7CC1-081C-43D6-B5D4-291F3C373C76}.Debug|Any CPU.Build.0 = Debug|Any CPU
		{542D7CC1-081C-43D6-B5D4-291F3C373C76}.Release|Any CPU.ActiveCfg = Release|Any CPU
		{542D7CC1-081C-43D6-B5D4-291F3C373C76}.Release|Any CPU.Build.0 = Release|Any CPU
		{F30D6FFB-9D9E-4717-BDBC-897A00CC3FDD}.Debug|Any CPU.ActiveCfg = Debug|Any CPU
		{F30D6FFB-9D9E-4717-BDBC-897A00CC3FDD}.Debug|Any CPU.Build.0 = Debug|Any CPU
		{F30D6FFB-9D9E-4717-BDBC-897A00CC3FDD}.Release|Any CPU.ActiveCfg = Release|Any CPU
		{F30D6FFB-9D9E-4717-BDBC-897A00CC3FDD}.Release|Any CPU.Build.0 = Release|Any CPU
	EndGlobalSection
	GlobalSection(SolutionProperties) = preSolution
		HideSolutionNode = FALSE
	EndGlobalSection
	GlobalSection(ExtensibilityGlobals) = postSolution
		SolutionGuid = {2F0B4287-96CE-43CF-9844-A206ADE81DD0}
	EndGlobalSection
EndGlobal
